// !$*UTF8*$!
{
	archiveVersion = 1;
	classes = {
	};
	objectVersion = 46;
	objects = {

/* Begin PBXBuildFile section */
		34D7F5FC2028077E004900C3 /* AFHTTPSessionManager.m in Sources */ = {isa = PBXBuildFile; fileRef = 34D7F5D92028077E004900C3 /* AFHTTPSessionManager.m */; };
		34D7F5FD2028077E004900C3 /* AFNetworkReachabilityManager.m in Sources */ = {isa = PBXBuildFile; fileRef = 34D7F5DC2028077E004900C3 /* AFNetworkReachabilityManager.m */; };
		34D7F5FE2028077E004900C3 /* AFSecurityPolicy.m in Sources */ = {isa = PBXBuildFile; fileRef = 34D7F5DE2028077E004900C3 /* AFSecurityPolicy.m */; };
		34D7F5FF2028077E004900C3 /* AFURLRequestSerialization.m in Sources */ = {isa = PBXBuildFile; fileRef = 34D7F5E02028077E004900C3 /* AFURLRequestSerialization.m */; };
		34D7F6002028077E004900C3 /* AFURLResponseSerialization.m in Sources */ = {isa = PBXBuildFile; fileRef = 34D7F5E22028077E004900C3 /* AFURLResponseSerialization.m */; };
		34D7F6012028077E004900C3 /* AFURLSessionManager.m in Sources */ = {isa = PBXBuildFile; fileRef = 34D7F5E42028077E004900C3 /* AFURLSessionManager.m */; };
		34D7F6022028077E004900C3 /* SFHttpResolve.m in Sources */ = {isa = PBXBuildFile; fileRef = 34D7F5E82028077E004900C3 /* SFHttpResolve.m */; };
		34D7F6032028077E004900C3 /* SFHttpResolveModel.m in Sources */ = {isa = PBXBuildFile; fileRef = 34D7F5EA2028077E004900C3 /* SFHttpResolveModel.m */; };
		34D7F6042028077E004900C3 /* SFHttpLog.m in Sources */ = {isa = PBXBuildFile; fileRef = 34D7F5ED2028077E004900C3 /* SFHttpLog.m */; };
		34D7F6052028077E004900C3 /* SFHttpManager.m in Sources */ = {isa = PBXBuildFile; fileRef = 34D7F5EF2028077E004900C3 /* SFHttpManager.m */; };
		34D7F6062028077E004900C3 /* SFNetworkManager.m in Sources */ = {isa = PBXBuildFile; fileRef = 34D7F5F22028077E004900C3 /* SFNetworkManager.m */; };
		34D7F6072028077E004900C3 /* SFHttpRequest.m in Sources */ = {isa = PBXBuildFile; fileRef = 34D7F5F42028077E004900C3 /* SFHttpRequest.m */; };
		34D7F6082028077E004900C3 /* SFHttpTask.m in Sources */ = {isa = PBXBuildFile; fileRef = 34D7F5F62028077E004900C3 /* SFHttpTask.m */; };
		34D7F6092028077E004900C3 /* NSObject+YYModel.m in Sources */ = {isa = PBXBuildFile; fileRef = 34D7F5F92028077E004900C3 /* NSObject+YYModel.m */; };
		34D7F60A2028077E004900C3 /* YYClassInfo.m in Sources */ = {isa = PBXBuildFile; fileRef = 34D7F5FB2028077E004900C3 /* YYClassInfo.m */; };
		9A6F30DF1E7B7929009DCEF3 /* main.m in Sources */ = {isa = PBXBuildFile; fileRef = 9A6F30DE1E7B7929009DCEF3 /* main.m */; };
		9A6F30E21E7B7929009DCEF3 /* AppDelegate.m in Sources */ = {isa = PBXBuildFile; fileRef = 9A6F30E11E7B7929009DCEF3 /* AppDelegate.m */; };
		9A6F30E51E7B7929009DCEF3 /* ViewController.m in Sources */ = {isa = PBXBuildFile; fileRef = 9A6F30E41E7B7929009DCEF3 /* ViewController.m */; };
		9A6F30E81E7B7929009DCEF3 /* Main.storyboard in Resources */ = {isa = PBXBuildFile; fileRef = 9A6F30E61E7B7929009DCEF3 /* Main.storyboard */; };
		9A6F30EA1E7B7929009DCEF3 /* Assets.xcassets in Resources */ = {isa = PBXBuildFile; fileRef = 9A6F30E91E7B7929009DCEF3 /* Assets.xcassets */; };
		9A6F30ED1E7B7929009DCEF3 /* LaunchScreen.storyboard in Resources */ = {isa = PBXBuildFile; fileRef = 9A6F30EB1E7B7929009DCEF3 /* LaunchScreen.storyboard */; };
		9A6F30F81E7B7929009DCEF3 /* SFRequestTests.m in Sources */ = {isa = PBXBuildFile; fileRef = 9A6F30F71E7B7929009DCEF3 /* SFRequestTests.m */; };
		9A6F31031E7B7929009DCEF3 /* SFRequestUITests.m in Sources */ = {isa = PBXBuildFile; fileRef = 9A6F31021E7B7929009DCEF3 /* SFRequestUITests.m */; };
		9A7E93831E80D19000A9E95F /* MyModel.m in Sources */ = {isa = PBXBuildFile; fileRef = 9A7E93821E80D19000A9E95F /* MyModel.m */; };
		9A7E93851E80D6ED00A9E95F /* test.json in Resources */ = {isa = PBXBuildFile; fileRef = 9A7E93841E80D6ED00A9E95F /* test.json */; };
/* End PBXBuildFile section */

/* Begin PBXContainerItemProxy section */
		9A6F30F41E7B7929009DCEF3 /* PBXContainerItemProxy */ = {
			isa = PBXContainerItemProxy;
			containerPortal = 9A6F30D21E7B7929009DCEF3 /* Project object */;
			proxyType = 1;
			remoteGlobalIDString = 9A6F30D91E7B7929009DCEF3;
			remoteInfo = SFRequest;
		};
		9A6F30FF1E7B7929009DCEF3 /* PBXContainerItemProxy */ = {
			isa = PBXContainerItemProxy;
			containerPortal = 9A6F30D21E7B7929009DCEF3 /* Project object */;
			proxyType = 1;
			remoteGlobalIDString = 9A6F30D91E7B7929009DCEF3;
			remoteInfo = SFRequest;
		};
/* End PBXContainerItemProxy section */

/* Begin PBXFileReference section */
		34D7F5D82028077E004900C3 /* AFHTTPSessionManager.h */ = {isa = PBXFileReference; fileEncoding = 4; lastKnownFileType = sourcecode.c.h; path = AFHTTPSessionManager.h; sourceTree = "<group>"; };
		34D7F5D92028077E004900C3 /* AFHTTPSessionManager.m */ = {isa = PBXFileReference; fileEncoding = 4; lastKnownFileType = sourcecode.c.objc; path = AFHTTPSessionManager.m; sourceTree = "<group>"; };
		34D7F5DA2028077E004900C3 /* AFNetworking.h */ = {isa = PBXFileReference; fileEncoding = 4; lastKnownFileType = sourcecode.c.h; path = AFNetworking.h; sourceTree = "<group>"; };
		34D7F5DB2028077E004900C3 /* AFNetworkReachabilityManager.h */ = {isa = PBXFileReference; fileEncoding = 4; lastKnownFileType = sourcecode.c.h; path = AFNetworkReachabilityManager.h; sourceTree = "<group>"; };
		34D7F5DC2028077E004900C3 /* AFNetworkReachabilityManager.m */ = {isa = PBXFileReference; fileEncoding = 4; lastKnownFileType = sourcecode.c.objc; path = AFNetworkReachabilityManager.m; sourceTree = "<group>"; };
		34D7F5DD2028077E004900C3 /* AFSecurityPolicy.h */ = {isa = PBXFileReference; fileEncoding = 4; lastKnownFileType = sourcecode.c.h; path = AFSecurityPolicy.h; sourceTree = "<group>"; };
		34D7F5DE2028077E004900C3 /* AFSecurityPolicy.m */ = {isa = PBXFileReference; fileEncoding = 4; lastKnownFileType = sourcecode.c.objc; path = AFSecurityPolicy.m; sourceTree = "<group>"; };
		34D7F5DF2028077E004900C3 /* AFURLRequestSerialization.h */ = {isa = PBXFileReference; fileEncoding = 4; lastKnownFileType = sourcecode.c.h; path = AFURLRequestSerialization.h; sourceTree = "<group>"; };
		34D7F5E02028077E004900C3 /* AFURLRequestSerialization.m */ = {isa = PBXFileReference; fileEncoding = 4; lastKnownFileType = sourcecode.c.objc; path = AFURLRequestSerialization.m; sourceTree = "<group>"; };
		34D7F5E12028077E004900C3 /* AFURLResponseSerialization.h */ = {isa = PBXFileReference; fileEncoding = 4; lastKnownFileType = sourcecode.c.h; path = AFURLResponseSerialization.h; sourceTree = "<group>"; };
		34D7F5E22028077E004900C3 /* AFURLResponseSerialization.m */ = {isa = PBXFileReference; fileEncoding = 4; lastKnownFileType = sourcecode.c.objc; path = AFURLResponseSerialization.m; sourceTree = "<group>"; };
		34D7F5E32028077E004900C3 /* AFURLSessionManager.h */ = {isa = PBXFileReference; fileEncoding = 4; lastKnownFileType = sourcecode.c.h; path = AFURLSessionManager.h; sourceTree = "<group>"; };
		34D7F5E42028077E004900C3 /* AFURLSessionManager.m */ = {isa = PBXFileReference; fileEncoding = 4; lastKnownFileType = sourcecode.c.objc; path = AFURLSessionManager.m; sourceTree = "<group>"; };
		34D7F5E52028077E004900C3 /* SFHttpConst.h */ = {isa = PBXFileReference; fileEncoding = 4; lastKnownFileType = sourcecode.c.h; path = SFHttpConst.h; sourceTree = "<group>"; };
		34D7F5E72028077E004900C3 /* SFHttpResolve.h */ = {isa = PBXFileReference; fileEncoding = 4; lastKnownFileType = sourcecode.c.h; path = SFHttpResolve.h; sourceTree = "<group>"; };
		34D7F5E82028077E004900C3 /* SFHttpResolve.m */ = {isa = PBXFileReference; fileEncoding = 4; lastKnownFileType = sourcecode.c.objc; path = SFHttpResolve.m; sourceTree = "<group>"; };
		34D7F5E92028077E004900C3 /* SFHttpResolveModel.h */ = {isa = PBXFileReference; fileEncoding = 4; lastKnownFileType = sourcecode.c.h; path = SFHttpResolveModel.h; sourceTree = "<group>"; };
		34D7F5EA2028077E004900C3 /* SFHttpResolveModel.m */ = {isa = PBXFileReference; fileEncoding = 4; lastKnownFileType = sourcecode.c.objc; path = SFHttpResolveModel.m; sourceTree = "<group>"; };
		34D7F5EC2028077E004900C3 /* SFHttpLog.h */ = {isa = PBXFileReference; fileEncoding = 4; lastKnownFileType = sourcecode.c.h; path = SFHttpLog.h; sourceTree = "<group>"; };
		34D7F5ED2028077E004900C3 /* SFHttpLog.m */ = {isa = PBXFileReference; fileEncoding = 4; lastKnownFileType = sourcecode.c.objc; path = SFHttpLog.m; sourceTree = "<group>"; };
		34D7F5EE2028077E004900C3 /* SFHttpManager.h */ = {isa = PBXFileReference; fileEncoding = 4; lastKnownFileType = sourcecode.c.h; path = SFHttpManager.h; sourceTree = "<group>"; };
		34D7F5EF2028077E004900C3 /* SFHttpManager.m */ = {isa = PBXFileReference; fileEncoding = 4; lastKnownFileType = sourcecode.c.objc; path = SFHttpManager.m; sourceTree = "<group>"; };
		34D7F5F12028077E004900C3 /* SFNetworkManager.h */ = {isa = PBXFileReference; fileEncoding = 4; lastKnownFileType = sourcecode.c.h; path = SFNetworkManager.h; sourceTree = "<group>"; };
		34D7F5F22028077E004900C3 /* SFNetworkManager.m */ = {isa = PBXFileReference; fileEncoding = 4; lastKnownFileType = sourcecode.c.objc; path = SFNetworkManager.m; sourceTree = "<group>"; };
		34D7F5F32028077E004900C3 /* SFHttpRequest.h */ = {isa = PBXFileReference; fileEncoding = 4; lastKnownFileType = sourcecode.c.h; path = SFHttpRequest.h; sourceTree = "<group>"; };
		34D7F5F42028077E004900C3 /* SFHttpRequest.m */ = {isa = PBXFileReference; fileEncoding = 4; lastKnownFileType = sourcecode.c.objc; path = SFHttpRequest.m; sourceTree = "<group>"; };
		34D7F5F52028077E004900C3 /* SFHttpTask.h */ = {isa = PBXFileReference; fileEncoding = 4; lastKnownFileType = sourcecode.c.h; path = SFHttpTask.h; sourceTree = "<group>"; };
		34D7F5F62028077E004900C3 /* SFHttpTask.m */ = {isa = PBXFileReference; fileEncoding = 4; lastKnownFileType = sourcecode.c.objc; path = SFHttpTask.m; sourceTree = "<group>"; };
		34D7F5F82028077E004900C3 /* NSObject+YYModel.h */ = {isa = PBXFileReference; fileEncoding = 4; lastKnownFileType = sourcecode.c.h; path = "NSObject+YYModel.h"; sourceTree = "<group>"; };
		34D7F5F92028077E004900C3 /* NSObject+YYModel.m */ = {isa = PBXFileReference; fileEncoding = 4; lastKnownFileType = sourcecode.c.objc; path = "NSObject+YYModel.m"; sourceTree = "<group>"; };
		34D7F5FA2028077E004900C3 /* YYClassInfo.h */ = {isa = PBXFileReference; fileEncoding = 4; lastKnownFileType = sourcecode.c.h; path = YYClassInfo.h; sourceTree = "<group>"; };
		34D7F5FB2028077E004900C3 /* YYClassInfo.m */ = {isa = PBXFileReference; fileEncoding = 4; lastKnownFileType = sourcecode.c.objc; path = YYClassInfo.m; sourceTree = "<group>"; };
		9A6F30DA1E7B7929009DCEF3 /* SFRequest.app */ = {isa = PBXFileReference; explicitFileType = wrapper.application; includeInIndex = 0; path = SFRequest.app; sourceTree = BUILT_PRODUCTS_DIR; };
		9A6F30DE1E7B7929009DCEF3 /* main.m */ = {isa = PBXFileReference; lastKnownFileType = sourcecode.c.objc; path = main.m; sourceTree = "<group>"; };
		9A6F30E01E7B7929009DCEF3 /* AppDelegate.h */ = {isa = PBXFileReference; lastKnownFileType = sourcecode.c.h; path = AppDelegate.h; sourceTree = "<group>"; };
		9A6F30E11E7B7929009DCEF3 /* AppDelegate.m */ = {isa = PBXFileReference; lastKnownFileType = sourcecode.c.objc; path = AppDelegate.m; sourceTree = "<group>"; };
		9A6F30E31E7B7929009DCEF3 /* ViewController.h */ = {isa = PBXFileReference; lastKnownFileType = sourcecode.c.h; path = ViewController.h; sourceTree = "<group>"; };
		9A6F30E41E7B7929009DCEF3 /* ViewController.m */ = {isa = PBXFileReference; lastKnownFileType = sourcecode.c.objc; path = ViewController.m; sourceTree = "<group>"; };
		9A6F30E71E7B7929009DCEF3 /* Base */ = {isa = PBXFileReference; lastKnownFileType = file.storyboard; name = Base; path = Base.lproj/Main.storyboard; sourceTree = "<group>"; };
		9A6F30E91E7B7929009DCEF3 /* Assets.xcassets */ = {isa = PBXFileReference; lastKnownFileType = folder.assetcatalog; path = Assets.xcassets; sourceTree = "<group>"; };
		9A6F30EC1E7B7929009DCEF3 /* Base */ = {isa = PBXFileReference; lastKnownFileType = file.storyboard; name = Base; path = Base.lproj/LaunchScreen.storyboard; sourceTree = "<group>"; };
		9A6F30EE1E7B7929009DCEF3 /* Info.plist */ = {isa = PBXFileReference; lastKnownFileType = text.plist.xml; path = Info.plist; sourceTree = "<group>"; };
		9A6F30F31E7B7929009DCEF3 /* SFRequestTests.xctest */ = {isa = PBXFileReference; explicitFileType = wrapper.cfbundle; includeInIndex = 0; path = SFRequestTests.xctest; sourceTree = BUILT_PRODUCTS_DIR; };
		9A6F30F71E7B7929009DCEF3 /* SFRequestTests.m */ = {isa = PBXFileReference; lastKnownFileType = sourcecode.c.objc; path = SFRequestTests.m; sourceTree = "<group>"; };
		9A6F30F91E7B7929009DCEF3 /* Info.plist */ = {isa = PBXFileReference; lastKnownFileType = text.plist.xml; path = Info.plist; sourceTree = "<group>"; };
		9A6F30FE1E7B7929009DCEF3 /* SFRequestUITests.xctest */ = {isa = PBXFileReference; explicitFileType = wrapper.cfbundle; includeInIndex = 0; path = SFRequestUITests.xctest; sourceTree = BUILT_PRODUCTS_DIR; };
		9A6F31021E7B7929009DCEF3 /* SFRequestUITests.m */ = {isa = PBXFileReference; lastKnownFileType = sourcecode.c.objc; path = SFRequestUITests.m; sourceTree = "<group>"; };
		9A6F31041E7B7929009DCEF3 /* Info.plist */ = {isa = PBXFileReference; lastKnownFileType = text.plist.xml; path = Info.plist; sourceTree = "<group>"; };
		9A7E93811E80D19000A9E95F /* MyModel.h */ = {isa = PBXFileReference; fileEncoding = 4; lastKnownFileType = sourcecode.c.h; path = MyModel.h; sourceTree = "<group>"; };
		9A7E93821E80D19000A9E95F /* MyModel.m */ = {isa = PBXFileReference; fileEncoding = 4; lastKnownFileType = sourcecode.c.objc; path = MyModel.m; sourceTree = "<group>"; };
		9A7E93841E80D6ED00A9E95F /* test.json */ = {isa = PBXFileReference; fileEncoding = 4; lastKnownFileType = text.json; path = test.json; sourceTree = "<group>"; };
/* End PBXFileReference section */

/* Begin PBXFrameworksBuildPhase section */
		9A6F30D71E7B7929009DCEF3 /* Frameworks */ = {
			isa = PBXFrameworksBuildPhase;
			buildActionMask = 2147483647;
			files = (
			);
			runOnlyForDeploymentPostprocessing = 0;
		};
		9A6F30F01E7B7929009DCEF3 /* Frameworks */ = {
			isa = PBXFrameworksBuildPhase;
			buildActionMask = 2147483647;
			files = (
			);
			runOnlyForDeploymentPostprocessing = 0;
		};
		9A6F30FB1E7B7929009DCEF3 /* Frameworks */ = {
			isa = PBXFrameworksBuildPhase;
			buildActionMask = 2147483647;
			files = (
			);
			runOnlyForDeploymentPostprocessing = 0;
		};
/* End PBXFrameworksBuildPhase section */

/* Begin PBXGroup section */
		34D7F5D62028077E004900C3 /* SFHttp */ = {
			isa = PBXGroup;
			children = (
				34D7F5D72028077E004900C3 /* AFNetworking */,
				34D7F5E52028077E004900C3 /* SFHttpConst.h */,
				34D7F5E62028077E004900C3 /* SFHttpExtention */,
				34D7F5EB2028077E004900C3 /* SFHttpLog */,
				34D7F5EE2028077E004900C3 /* SFHttpManager.h */,
				34D7F5EF2028077E004900C3 /* SFHttpManager.m */,
				34D7F5F02028077E004900C3 /* SFHttpNetwork */,
				34D7F5F32028077E004900C3 /* SFHttpRequest.h */,
				34D7F5F42028077E004900C3 /* SFHttpRequest.m */,
				34D7F5F52028077E004900C3 /* SFHttpTask.h */,
				34D7F5F62028077E004900C3 /* SFHttpTask.m */,
				34D7F5F72028077E004900C3 /* YYModel */,
			);
			path = SFHttp;
			sourceTree = "<group>";
		};
		34D7F5D72028077E004900C3 /* AFNetworking */ = {
			isa = PBXGroup;
			children = (
				34D7F5D82028077E004900C3 /* AFHTTPSessionManager.h */,
				34D7F5D92028077E004900C3 /* AFHTTPSessionManager.m */,
				34D7F5DA2028077E004900C3 /* AFNetworking.h */,
				34D7F5DB2028077E004900C3 /* AFNetworkReachabilityManager.h */,
				34D7F5DC2028077E004900C3 /* AFNetworkReachabilityManager.m */,
				34D7F5DD2028077E004900C3 /* AFSecurityPolicy.h */,
				34D7F5DE2028077E004900C3 /* AFSecurityPolicy.m */,
				34D7F5DF2028077E004900C3 /* AFURLRequestSerialization.h */,
				34D7F5E02028077E004900C3 /* AFURLRequestSerialization.m */,
				34D7F5E12028077E004900C3 /* AFURLResponseSerialization.h */,
				34D7F5E22028077E004900C3 /* AFURLResponseSerialization.m */,
				34D7F5E32028077E004900C3 /* AFURLSessionManager.h */,
				34D7F5E42028077E004900C3 /* AFURLSessionManager.m */,
			);
			path = AFNetworking;
			sourceTree = "<group>";
		};
		34D7F5E62028077E004900C3 /* SFHttpExtention */ = {
			isa = PBXGroup;
			children = (
				34D7F5E72028077E004900C3 /* SFHttpResolve.h */,
				34D7F5E82028077E004900C3 /* SFHttpResolve.m */,
				34D7F5E92028077E004900C3 /* SFHttpResolveModel.h */,
				34D7F5EA2028077E004900C3 /* SFHttpResolveModel.m */,
			);
			path = SFHttpExtention;
			sourceTree = "<group>";
		};
		34D7F5EB2028077E004900C3 /* SFHttpLog */ = {
			isa = PBXGroup;
			children = (
				34D7F5EC2028077E004900C3 /* SFHttpLog.h */,
				34D7F5ED2028077E004900C3 /* SFHttpLog.m */,
			);
			path = SFHttpLog;
			sourceTree = "<group>";
		};
		34D7F5F02028077E004900C3 /* SFHttpNetwork */ = {
			isa = PBXGroup;
			children = (
				34D7F5F12028077E004900C3 /* SFNetworkManager.h */,
				34D7F5F22028077E004900C3 /* SFNetworkManager.m */,
			);
			path = SFHttpNetwork;
			sourceTree = "<group>";
		};
		34D7F5F72028077E004900C3 /* YYModel */ = {
			isa = PBXGroup;
			children = (
				34D7F5F82028077E004900C3 /* NSObject+YYModel.h */,
				34D7F5F92028077E004900C3 /* NSObject+YYModel.m */,
				34D7F5FA2028077E004900C3 /* YYClassInfo.h */,
				34D7F5FB2028077E004900C3 /* YYClassInfo.m */,
			);
			path = YYModel;
			sourceTree = "<group>";
		};
		9A6F30D11E7B7929009DCEF3 = {
			isa = PBXGroup;
			children = (
				34D7F5D62028077E004900C3 /* SFHttp */,
				9A6F30DC1E7B7929009DCEF3 /* SFRequest */,
				9A6F30F61E7B7929009DCEF3 /* SFRequestTests */,
				9A6F31011E7B7929009DCEF3 /* SFRequestUITests */,
				9A6F30DB1E7B7929009DCEF3 /* Products */,
			);
			sourceTree = "<group>";
		};
		9A6F30DB1E7B7929009DCEF3 /* Products */ = {
			isa = PBXGroup;
			children = (
				9A6F30DA1E7B7929009DCEF3 /* SFRequest.app */,
				9A6F30F31E7B7929009DCEF3 /* SFRequestTests.xctest */,
				9A6F30FE1E7B7929009DCEF3 /* SFRequestUITests.xctest */,
			);
			name = Products;
			sourceTree = "<group>";
		};
		9A6F30DC1E7B7929009DCEF3 /* SFRequest */ = {
			isa = PBXGroup;
			children = (
				9A7E93841E80D6ED00A9E95F /* test.json */,
				9A7E93811E80D19000A9E95F /* MyModel.h */,
				9A7E93821E80D19000A9E95F /* MyModel.m */,
				9A6F30E01E7B7929009DCEF3 /* AppDelegate.h */,
				9A6F30E11E7B7929009DCEF3 /* AppDelegate.m */,
				9A6F30E31E7B7929009DCEF3 /* ViewController.h */,
				9A6F30E41E7B7929009DCEF3 /* ViewController.m */,
				9A6F30E61E7B7929009DCEF3 /* Main.storyboard */,
				9A6F30E91E7B7929009DCEF3 /* Assets.xcassets */,
				9A6F30EB1E7B7929009DCEF3 /* LaunchScreen.storyboard */,
				9A6F30EE1E7B7929009DCEF3 /* Info.plist */,
				9A6F30DD1E7B7929009DCEF3 /* Supporting Files */,
			);
			path = SFRequest;
			sourceTree = "<group>";
		};
		9A6F30DD1E7B7929009DCEF3 /* Supporting Files */ = {
			isa = PBXGroup;
			children = (
				9A6F30DE1E7B7929009DCEF3 /* main.m */,
			);
			name = "Supporting Files";
			sourceTree = "<group>";
		};
		9A6F30F61E7B7929009DCEF3 /* SFRequestTests */ = {
			isa = PBXGroup;
			children = (
				9A6F30F71E7B7929009DCEF3 /* SFRequestTests.m */,
				9A6F30F91E7B7929009DCEF3 /* Info.plist */,
			);
			path = SFRequestTests;
			sourceTree = "<group>";
		};
		9A6F31011E7B7929009DCEF3 /* SFRequestUITests */ = {
			isa = PBXGroup;
			children = (
				9A6F31021E7B7929009DCEF3 /* SFRequestUITests.m */,
				9A6F31041E7B7929009DCEF3 /* Info.plist */,
			);
			path = SFRequestUITests;
			sourceTree = "<group>";
		};
/* End PBXGroup section */

/* Begin PBXNativeTarget section */
		9A6F30D91E7B7929009DCEF3 /* SFRequest */ = {
			isa = PBXNativeTarget;
			buildConfigurationList = 9A6F31071E7B7929009DCEF3 /* Build configuration list for PBXNativeTarget "SFRequest" */;
			buildPhases = (
				9A6F30D61E7B7929009DCEF3 /* Sources */,
				9A6F30D71E7B7929009DCEF3 /* Frameworks */,
				9A6F30D81E7B7929009DCEF3 /* Resources */,
			);
			buildRules = (
			);
			dependencies = (
			);
			name = SFRequest;
			productName = SFRequest;
			productReference = 9A6F30DA1E7B7929009DCEF3 /* SFRequest.app */;
			productType = "com.apple.product-type.application";
		};
		9A6F30F21E7B7929009DCEF3 /* SFRequestTests */ = {
			isa = PBXNativeTarget;
			buildConfigurationList = 9A6F310A1E7B7929009DCEF3 /* Build configuration list for PBXNativeTarget "SFRequestTests" */;
			buildPhases = (
				9A6F30EF1E7B7929009DCEF3 /* Sources */,
				9A6F30F01E7B7929009DCEF3 /* Frameworks */,
				9A6F30F11E7B7929009DCEF3 /* Resources */,
			);
			buildRules = (
			);
			dependencies = (
				9A6F30F51E7B7929009DCEF3 /* PBXTargetDependency */,
			);
			name = SFRequestTests;
			productName = SFRequestTests;
			productReference = 9A6F30F31E7B7929009DCEF3 /* SFRequestTests.xctest */;
			productType = "com.apple.product-type.bundle.unit-test";
		};
		9A6F30FD1E7B7929009DCEF3 /* SFRequestUITests */ = {
			isa = PBXNativeTarget;
			buildConfigurationList = 9A6F310D1E7B7929009DCEF3 /* Build configuration list for PBXNativeTarget "SFRequestUITests" */;
			buildPhases = (
				9A6F30FA1E7B7929009DCEF3 /* Sources */,
				9A6F30FB1E7B7929009DCEF3 /* Frameworks */,
				9A6F30FC1E7B7929009DCEF3 /* Resources */,
			);
			buildRules = (
			);
			dependencies = (
				9A6F31001E7B7929009DCEF3 /* PBXTargetDependency */,
			);
			name = SFRequestUITests;
			productName = SFRequestUITests;
			productReference = 9A6F30FE1E7B7929009DCEF3 /* SFRequestUITests.xctest */;
			productType = "com.apple.product-type.bundle.ui-testing";
		};
/* End PBXNativeTarget section */

/* Begin PBXProject section */
		9A6F30D21E7B7929009DCEF3 /* Project object */ = {
			isa = PBXProject;
			attributes = {
				LastUpgradeCheck = 0920;
				ORGANIZATIONNAME = "王声远";
				TargetAttributes = {
					9A6F30D91E7B7929009DCEF3 = {
						CreatedOnToolsVersion = 8.2;
						DevelopmentTeam = JPYH2GZ99G;
						ProvisioningStyle = Automatic;
					};
					9A6F30F21E7B7929009DCEF3 = {
						CreatedOnToolsVersion = 8.2;
						ProvisioningStyle = Automatic;
						TestTargetID = 9A6F30D91E7B7929009DCEF3;
					};
					9A6F30FD1E7B7929009DCEF3 = {
						CreatedOnToolsVersion = 8.2;
						ProvisioningStyle = Automatic;
						TestTargetID = 9A6F30D91E7B7929009DCEF3;
					};
				};
			};
			buildConfigurationList = 9A6F30D51E7B7929009DCEF3 /* Build configuration list for PBXProject "SFRequest" */;
			compatibilityVersion = "Xcode 3.2";
			developmentRegion = English;
			hasScannedForEncodings = 0;
			knownRegions = (
				en,
				Base,
			);
			mainGroup = 9A6F30D11E7B7929009DCEF3;
			productRefGroup = 9A6F30DB1E7B7929009DCEF3 /* Products */;
			projectDirPath = "";
			projectRoot = "";
			targets = (
				9A6F30D91E7B7929009DCEF3 /* SFRequest */,
				9A6F30F21E7B7929009DCEF3 /* SFRequestTests */,
				9A6F30FD1E7B7929009DCEF3 /* SFRequestUITests */,
			);
		};
/* End PBXProject section */

/* Begin PBXResourcesBuildPhase section */
		9A6F30D81E7B7929009DCEF3 /* Resources */ = {
			isa = PBXResourcesBuildPhase;
			buildActionMask = 2147483647;
			files = (
				9A7E93851E80D6ED00A9E95F /* test.json in Resources */,
				9A6F30ED1E7B7929009DCEF3 /* LaunchScreen.storyboard in Resources */,
				9A6F30EA1E7B7929009DCEF3 /* Assets.xcassets in Resources */,
				9A6F30E81E7B7929009DCEF3 /* Main.storyboard in Resources */,
			);
			runOnlyForDeploymentPostprocessing = 0;
		};
		9A6F30F11E7B7929009DCEF3 /* Resources */ = {
			isa = PBXResourcesBuildPhase;
			buildActionMask = 2147483647;
			files = (
			);
			runOnlyForDeploymentPostprocessing = 0;
		};
		9A6F30FC1E7B7929009DCEF3 /* Resources */ = {
			isa = PBXResourcesBuildPhase;
			buildActionMask = 2147483647;
			files = (
			);
			runOnlyForDeploymentPostprocessing = 0;
		};
/* End PBXResourcesBuildPhase section */

/* Begin PBXSourcesBuildPhase section */
		9A6F30D61E7B7929009DCEF3 /* Sources */ = {
			isa = PBXSourcesBuildPhase;
			buildActionMask = 2147483647;
			files = (
				34D7F5FE2028077E004900C3 /* AFSecurityPolicy.m in Sources */,
				34D7F6032028077E004900C3 /* SFHttpResolveModel.m in Sources */,
				34D7F6002028077E004900C3 /* AFURLResponseSerialization.m in Sources */,
				9A6F30E51E7B7929009DCEF3 /* ViewController.m in Sources */,
				34D7F6062028077E004900C3 /* SFNetworkManager.m in Sources */,
				9A6F30E21E7B7929009DCEF3 /* AppDelegate.m in Sources */,
				34D7F5FC2028077E004900C3 /* AFHTTPSessionManager.m in Sources */,
				34D7F6052028077E004900C3 /* SFHttpManager.m in Sources */,
				34D7F6012028077E004900C3 /* AFURLSessionManager.m in Sources */,
				34D7F6092028077E004900C3 /* NSObject+YYModel.m in Sources */,
				9A6F30DF1E7B7929009DCEF3 /* main.m in Sources */,
				34D7F5FD2028077E004900C3 /* AFNetworkReachabilityManager.m in Sources */,
				34D7F6082028077E004900C3 /* SFHttpTask.m in Sources */,
				34D7F60A2028077E004900C3 /* YYClassInfo.m in Sources */,
				34D7F6042028077E004900C3 /* SFHttpLog.m in Sources */,
				34D7F6072028077E004900C3 /* SFHttpRequest.m in Sources */,
				9A7E93831E80D19000A9E95F /* MyModel.m in Sources */,
				34D7F6022028077E004900C3 /* SFHttpResolve.m in Sources */,
				34D7F5FF2028077E004900C3 /* AFURLRequestSerialization.m in Sources */,
			);
			runOnlyForDeploymentPostprocessing = 0;
		};
		9A6F30EF1E7B7929009DCEF3 /* Sources */ = {
			isa = PBXSourcesBuildPhase;
			buildActionMask = 2147483647;
			files = (
				9A6F30F81E7B7929009DCEF3 /* SFRequestTests.m in Sources */,
			);
			runOnlyForDeploymentPostprocessing = 0;
		};
		9A6F30FA1E7B7929009DCEF3 /* Sources */ = {
			isa = PBXSourcesBuildPhase;
			buildActionMask = 2147483647;
			files = (
				9A6F31031E7B7929009DCEF3 /* SFRequestUITests.m in Sources */,
			);
			runOnlyForDeploymentPostprocessing = 0;
		};
/* End PBXSourcesBuildPhase section */

/* Begin PBXTargetDependency section */
		9A6F30F51E7B7929009DCEF3 /* PBXTargetDependency */ = {
			isa = PBXTargetDependency;
			target = 9A6F30D91E7B7929009DCEF3 /* SFRequest */;
			targetProxy = 9A6F30F41E7B7929009DCEF3 /* PBXContainerItemProxy */;
		};
		9A6F31001E7B7929009DCEF3 /* PBXTargetDependency */ = {
			isa = PBXTargetDependency;
			target = 9A6F30D91E7B7929009DCEF3 /* SFRequest */;
			targetProxy = 9A6F30FF1E7B7929009DCEF3 /* PBXContainerItemProxy */;
		};
/* End PBXTargetDependency section */

/* Begin PBXVariantGroup section */
		9A6F30E61E7B7929009DCEF3 /* Main.storyboard */ = {
			isa = PBXVariantGroup;
			children = (
				9A6F30E71E7B7929009DCEF3 /* Base */,
			);
			name = Main.storyboard;
			sourceTree = "<group>";
		};
		9A6F30EB1E7B7929009DCEF3 /* LaunchScreen.storyboard */ = {
			isa = PBXVariantGroup;
			children = (
				9A6F30EC1E7B7929009DCEF3 /* Base */,
			);
			name = LaunchScreen.storyboard;
			sourceTree = "<group>";
		};
/* End PBXVariantGroup section */

/* Begin XCBuildConfiguration section */
		9A6F31051E7B7929009DCEF3 /* Debug */ = {
			isa = XCBuildConfiguration;
			buildSettings = {
				ALWAYS_SEARCH_USER_PATHS = NO;
				CLANG_ANALYZER_NONNULL = YES;
				CLANG_CXX_LANGUAGE_STANDARD = "gnu++0x";
				CLANG_CXX_LIBRARY = "libc++";
				CLANG_ENABLE_MODULES = YES;
				CLANG_ENABLE_OBJC_ARC = YES;
				CLANG_WARN_BLOCK_CAPTURE_AUTORELEASING = YES;
				CLANG_WARN_BOOL_CONVERSION = YES;
				CLANG_WARN_COMMA = YES;
				CLANG_WARN_CONSTANT_CONVERSION = YES;
				CLANG_WARN_DIRECT_OBJC_ISA_USAGE = YES_ERROR;
				CLANG_WARN_DOCUMENTATION_COMMENTS = YES;
				CLANG_WARN_EMPTY_BODY = YES;
				CLANG_WARN_ENUM_CONVERSION = YES;
				CLANG_WARN_INFINITE_RECURSION = YES;
				CLANG_WARN_INT_CONVERSION = YES;
				CLANG_WARN_NON_LITERAL_NULL_CONVERSION = YES;
				CLANG_WARN_OBJC_LITERAL_CONVERSION = YES;
				CLANG_WARN_OBJC_ROOT_CLASS = YES_ERROR;
				CLANG_WARN_RANGE_LOOP_ANALYSIS = YES;
				CLANG_WARN_STRICT_PROTOTYPES = YES;
				CLANG_WARN_SUSPICIOUS_MOVE = YES;
				CLANG_WARN_UNREACHABLE_CODE = YES;
				CLANG_WARN__DUPLICATE_METHOD_MATCH = YES;
				"CODE_SIGN_IDENTITY[sdk=iphoneos*]" = "iPhone Developer";
				COPY_PHASE_STRIP = NO;
				DEBUG_INFORMATION_FORMAT = dwarf;
				ENABLE_STRICT_OBJC_MSGSEND = YES;
				ENABLE_TESTABILITY = YES;
				GCC_C_LANGUAGE_STANDARD = gnu99;
				GCC_DYNAMIC_NO_PIC = NO;
				GCC_NO_COMMON_BLOCKS = YES;
				GCC_OPTIMIZATION_LEVEL = 0;
				GCC_PREPROCESSOR_DEFINITIONS = (
					"DEBUG=1",
					"$(inherited)",
				);
				GCC_WARN_64_TO_32_BIT_CONVERSION = YES;
				GCC_WARN_ABOUT_RETURN_TYPE = YES_ERROR;
				GCC_WARN_UNDECLARED_SELECTOR = YES;
				GCC_WARN_UNINITIALIZED_AUTOS = YES_AGGRESSIVE;
				GCC_WARN_UNUSED_FUNCTION = YES;
				GCC_WARN_UNUSED_VARIABLE = YES;
				IPHONEOS_DEPLOYMENT_TARGET = 10.2;
				MTL_ENABLE_DEBUG_INFO = YES;
				ONLY_ACTIVE_ARCH = YES;
				SDKROOT = iphoneos;
				TARGETED_DEVICE_FAMILY = "1,2";
			};
			name = Debug;
		};
		9A6F31061E7B7929009DCEF3 /* Release */ = {
			isa = XCBuildConfiguration;
			buildSettings = {
				ALWAYS_SEARCH_USER_PATHS = NO;
				CLANG_ANALYZER_NONNULL = YES;
				CLANG_CXX_LANGUAGE_STANDARD = "gnu++0x";
				CLANG_CXX_LIBRARY = "libc++";
				CLANG_ENABLE_MODULES = YES;
				CLANG_ENABLE_OBJC_ARC = YES;
				CLANG_WARN_BLOCK_CAPTURE_AUTORELEASING = YES;
				CLANG_WARN_BOOL_CONVERSION = YES;
				CLANG_WARN_COMMA = YES;
				CLANG_WARN_CONSTANT_CONVERSION = YES;
				CLANG_WARN_DIRECT_OBJC_ISA_USAGE = YES_ERROR;
				CLANG_WARN_DOCUMENTATION_COMMENTS = YES;
				CLANG_WARN_EMPTY_BODY = YES;
				CLANG_WARN_ENUM_CONVERSION = YES;
				CLANG_WARN_INFINITE_RECURSION = YES;
				CLANG_WARN_INT_CONVERSION = YES;
				CLANG_WARN_NON_LITERAL_NULL_CONVERSION = YES;
				CLANG_WARN_OBJC_LITERAL_CONVERSION = YES;
				CLANG_WARN_OBJC_ROOT_CLASS = YES_ERROR;
				CLANG_WARN_RANGE_LOOP_ANALYSIS = YES;
				CLANG_WARN_STRICT_PROTOTYPES = YES;
				CLANG_WARN_SUSPICIOUS_MOVE = YES;
				CLANG_WARN_UNREACHABLE_CODE = YES;
				CLANG_WARN__DUPLICATE_METHOD_MATCH = YES;
				"CODE_SIGN_IDENTITY[sdk=iphoneos*]" = "iPhone Developer";
				COPY_PHASE_STRIP = NO;
				DEBUG_INFORMATION_FORMAT = "dwarf-with-dsym";
				ENABLE_NS_ASSERTIONS = NO;
				ENABLE_STRICT_OBJC_MSGSEND = YES;
				GCC_C_LANGUAGE_STANDARD = gnu99;
				GCC_NO_COMMON_BLOCKS = YES;
				GCC_WARN_64_TO_32_BIT_CONVERSION = YES;
				GCC_WARN_ABOUT_RETURN_TYPE = YES_ERROR;
				GCC_WARN_UNDECLARED_SELECTOR = YES;
				GCC_WARN_UNINITIALIZED_AUTOS = YES_AGGRESSIVE;
				GCC_WARN_UNUSED_FUNCTION = YES;
				GCC_WARN_UNUSED_VARIABLE = YES;
				IPHONEOS_DEPLOYMENT_TARGET = 10.2;
				MTL_ENABLE_DEBUG_INFO = NO;
				SDKROOT = iphoneos;
				TARGETED_DEVICE_FAMILY = "1,2";
				VALIDATE_PRODUCT = YES;
			};
			name = Release;
		};
		9A6F31081E7B7929009DCEF3 /* Debug */ = {
			isa = XCBuildConfiguration;
			buildSettings = {
				ASSETCATALOG_COMPILER_APPICON_NAME = AppIcon;
				DEVELOPMENT_TEAM = JPYH2GZ99G;
				INFOPLIST_FILE = SFRequest/Info.plist;
				IPHONEOS_DEPLOYMENT_TARGET = 8.0;
				LD_RUNPATH_SEARCH_PATHS = "$(inherited) @executable_path/Frameworks";
				PRODUCT_BUNDLE_IDENTIFIER = com.cn.SFRequest;
				PRODUCT_NAME = "$(TARGET_NAME)";
				TARGETED_DEVICE_FAMILY = "1,2";
			};
			name = Debug;
		};
		9A6F31091E7B7929009DCEF3 /* Release */ = {
			isa = XCBuildConfiguration;
			buildSettings = {
				ASSETCATALOG_COMPILER_APPICON_NAME = AppIcon;
				DEVELOPMENT_TEAM = JPYH2GZ99G;
				INFOPLIST_FILE = SFRequest/Info.plist;
				IPHONEOS_DEPLOYMENT_TARGET = 8.0;
				LD_RUNPATH_SEARCH_PATHS = "$(inherited) @executable_path/Frameworks";
				PRODUCT_BUNDLE_IDENTIFIER = com.cn.SFRequest;
				PRODUCT_NAME = "$(TARGET_NAME)";
				TARGETED_DEVICE_FAMILY = "1,2";
			};
			name = Release;
		};
		9A6F310B1E7B7929009DCEF3 /* Debug */ = {
			isa = XCBuildConfiguration;
			buildSettings = {
				BUNDLE_LOADER = "$(TEST_HOST)";
				INFOPLIST_FILE = SFRequestTests/Info.plist;
				LD_RUNPATH_SEARCH_PATHS = "$(inherited) @executable_path/Frameworks @loader_path/Frameworks";
				PRODUCT_BUNDLE_IDENTIFIER = com.cn.SFRequestTests;
				PRODUCT_NAME = "$(TARGET_NAME)";
				TEST_HOST = "$(BUILT_PRODUCTS_DIR)/SFRequest.app/SFRequest";
			};
			name = Debug;
		};
		9A6F310C1E7B7929009DCEF3 /* Release */ = {
			isa = XCBuildConfiguration;
			buildSettings = {
				BUNDLE_LOADER = "$(TEST_HOST)";
				INFOPLIST_FILE = SFRequestTests/Info.plist;
				LD_RUNPATH_SEARCH_PATHS = "$(inherited) @executable_path/Frameworks @loader_path/Frameworks";
				PRODUCT_BUNDLE_IDENTIFIER = com.cn.SFRequestTests;
				PRODUCT_NAME = "$(TARGET_NAME)";
				TEST_HOST = "$(BUILT_PRODUCTS_DIR)/SFRequest.app/SFRequest";
			};
			name = Release;
		};
		9A6F310E1E7B7929009DCEF3 /* Debug */ = {
			isa = XCBuildConfiguration;
			buildSettings = {
				INFOPLIST_FILE = SFRequestUITests/Info.plist;
				LD_RUNPATH_SEARCH_PATHS = "$(inherited) @executable_path/Frameworks @loader_path/Frameworks";
				PRODUCT_BUNDLE_IDENTIFIER = com.cn.SFRequestUITests;
				PRODUCT_NAME = "$(TARGET_NAME)";
				TEST_TARGET_NAME = SFRequest;
			};
			name = Debug;
		};
		9A6F310F1E7B7929009DCEF3 /* Release */ = {
			isa = XCBuildConfiguration;
			buildSettings = {
				INFOPLIST_FILE = SFRequestUITests/Info.plist;
				LD_RUNPATH_SEARCH_PATHS = "$(inherited) @executable_path/Frameworks @loader_path/Frameworks";
				PRODUCT_BUNDLE_IDENTIFIER = com.cn.SFRequestUITests;
				PRODUCT_NAME = "$(TARGET_NAME)";
				TEST_TARGET_NAME = SFRequest;
			};
			name = Release;
		};
/* End XCBuildConfiguration section */

/* Begin XCConfigurationList section */
		9A6F30D51E7B7929009DCEF3 /* Build configuration list for PBXProject "SFRequest" */ = {
			isa = XCConfigurationList;
			buildConfigurations = (
				9A6F31051E7B7929009DCEF3 /* Debug */,
				9A6F31061E7B7929009DCEF3 /* Release */,
			);
			defaultConfigurationIsVisible = 0;
			defaultConfigurationName = Release;
		};
		9A6F31071E7B7929009DCEF3 /* Build configuration list for PBXNativeTarget "SFRequest" */ = {
			isa = XCConfigurationList;
			buildConfigurations = (
				9A6F31081E7B7929009DCEF3 /* Debug */,
				9A6F31091E7B7929009DCEF3 /* Release */,
			);
			defaultConfigurationIsVisible = 0;
			defaultConfigurationName = Release;
		};
		9A6F310A1E7B7929009DCEF3 /* Build configuration list for PBXNativeTarget "SFRequestTests" */ = {
			isa = XCConfigurationList;
			buildConfigurations = (
				9A6F310B1E7B7929009DCEF3 /* Debug */,
				9A6F310C1E7B7929009DCEF3 /* Release */,
			);
			defaultConfigurationIsVisible = 0;
			defaultConfigurationName = Release;
		};
		9A6F310D1E7B7929009DCEF3 /* Build configuration list for PBXNativeTarget "SFRequestUITests" */ = {
			isa = XCConfigurationList;
			buildConfigurations = (
				9A6F310E1E7B7929009DCEF3 /* Debug */,
				9A6F310F1E7B7929009DCEF3 /* Release */,
			);
			defaultConfigurationIsVisible = 0;
			defaultConfigurationName = Release;
		};
/* End XCConfigurationList section */
	};
	rootObject = 9A6F30D21E7B7929009DCEF3 /* Project object */;
}
